
Microsoft Visual Studio Solution File, Format Version 12.00
# Visual Studio Version 17
VisualStudioVersion = 17.10.35013.160
MinimumVisualStudioVersion = 10.0.40219.1
Project("{9A19103F-16F7-4668-BE54-9A1E7A4F7556}") = "DevFreela.API", "DevFreela.API\DevFreela.API.csproj", "{9E464E1C-6FC6-4C12-90F1-B1BA96387F0A}"
EndProject
Project("{9A19103F-16F7-4668-BE54-9A1E7A4F7556}") = "DevFreela.Core", "DevFreela.Core\DevFreela.Core.csproj", "{1B77CC3E-4947-4248-9350-562761EE17EC}"
EndProject
Global
	GlobalSection(SolutionConfigurationPlatforms) = preSolution
		Debug|Any CPU = Debug|Any CPU
		Release|Any CPU = Release|Any CPU
	EndGlobalSection
	GlobalSection(ProjectConfigurationPlatforms) = postSolution
		{9E464E1C-6FC6-4C12-90F1-B1BA96387F0A}.Debug|Any CPU.ActiveCfg = Debug|Any CPU
		{9E464E1C-6FC6-4C12-90F1-B1BA96387F0A}.Debug|Any CPU.Build.0 = Debug|Any CPU
		{9E464E1C-6FC6-4C12-90F1-B1BA96387F0A}.Release|Any CPU.ActiveCfg = Release|Any CPU
		{9E464E1C-6FC6-4C12-90F1-B1BA96387F0A}.Release|Any CPU.Build.0 = Release|Any CPU
		{1B77CC3E-4947-4248-9350-562761EE17EC}.Debug|Any CPU.ActiveCfg = Debug|Any CPU
		{1B77CC3E-4947-4248-9350-562761EE17EC}.Debug|Any CPU.Build.0 = Debug|Any CPU
		{1B77CC3E-4947-4248-9350-562761EE17EC}.Release|Any CPU.ActiveCfg = Release|Any CPU
		{1B77CC3E-4947-4248-9350-562761EE17EC}.Release|Any CPU.Build.0 = Release|Any CPU
	EndGlobalSection
	GlobalSection(SolutionProperties) = preSolution
		HideSolutionNode = FALSE
	EndGlobalSection
	GlobalSection(ExtensibilityGlobals) = postSolution
		SolutionGuid = {31A2246B-4E1D-4C2F-A7A4-9488B2FAF5C3}
	EndGlobalSection
EndGlobal
